
Microsoft Visual Studio Solution File, Format Version 12.00
# Visual Studio 14
VisualStudioVersion = 14.0.25420.1
MinimumVisualStudioVersion = 10.0.40219.1
Project("{2150E333-8FDC-42A3-9474-1A3956D46DE8}") = "Project", "Project", "{00BB22AA-6B8B-47F9-AAC7-15377D436934}"
EndProject
Project("{2150E333-8FDC-42A3-9474-1A3956D46DE8}") = "Tests", "Tests", "{CFBF4213-2566-4E6C-89C2-B9F1BE0610CF}"
EndProject
Project("{2150E333-8FDC-42A3-9474-1A3956D46DE8}") = "01. Presentation", "01. Presentation", "{2815DD12-DFCF-4297-9630-AC3F62762A69}"
EndProject
Project("{2150E333-8FDC-42A3-9474-1A3956D46DE8}") = "02. Application", "02. Application", "{51A2F148-0127-4BF4-8799-F5EF2A5A6A8C}"
EndProject
Project("{2150E333-8FDC-42A3-9474-1A3956D46DE8}") = "03. Domain", "03. Domain", "{78D198F3-7E03-4618-9379-78EC1E9F44B8}"
EndProject
Project("{2150E333-8FDC-42A3-9474-1A3956D46DE8}") = "04. Infrastructure", "04. Infrastructure", "{2476DB62-F54A-42C4-8E5F-637502260DDA}"
EndProject
Project("{FAE04EC0-301F-11D3-BF4B-00C04F79EFBC}") = "Checkout.Model", "Checkout.Model\Checkout.Model.csproj", "{6BFAE8C6-66B3-4FAC-8D2F-90AE1AB76110}"
EndProject
Project("{FAE04EC0-301F-11D3-BF4B-00C04F79EFBC}") = "Checkout.API.Test", "Checkout.API.Test\Checkout.API.Test.csproj", "{9B69FB63-05AC-4DAF-8FCB-97326F1B0B6C}"
EndProject
Project("{FAE04EC0-301F-11D3-BF4B-00C04F79EFBC}") = "Checkout.API", "Checkout.API\Checkout.API.csproj", "{E65D45C9-295F-4B1B-B28C-AF3EAF7B34E6}"
EndProject
Project("{FAE04EC0-301F-11D3-BF4B-00C04F79EFBC}") = "Checkout.Infrastructure.Data", "Checkout.Infrastructure.Data\Checkout.Infrastructure.Data.csproj", "{4A91C803-ADC8-4BB9-8C53-184A65742B4D}"
EndProject
Project("{FAE04EC0-301F-11D3-BF4B-00C04F79EFBC}") = "Checkout.Business.Service", "Checkout.Business.Service\Checkout.Business.Service.csproj", "{D33B4D47-D972-456B-8897-8B7392920346}"
EndProject
Project("{FAE04EC0-301F-11D3-BF4B-00C04F79EFBC}") = "Checkout.Business.Contract", "Checkout.Business.Contract\Checkout.Business.Contract.csproj", "{8958AE37-50D9-487E-9DB1-7D4D8CBA1DAE}"
EndProject
Project("{FAE04EC0-301F-11D3-BF4B-00C04F79EFBC}") = "Checkout.Infrastructure", "Checkout.Infrastructure\Checkout.Infrastructure.csproj", "{10A79BF7-B2A1-4D8A-937D-33B203A4AAA7}"
EndProject
Project("{FAE04EC0-301F-11D3-BF4B-00C04F79EFBC}") = "Checkout.Application.Service", "Checkout.Application.Service\Checkout.Application.Service.csproj", "{792EA6F7-A532-427F-A065-6020761D0770}"
EndProject
Project("{FAE04EC0-301F-11D3-BF4B-00C04F79EFBC}") = "Checkout.Application.Contract", "Checkout.Application.Contract\Checkout.Application.Contract.csproj", "{1E1B1AD6-5E1E-4735-9BD8-90B5CD60DE1D}"
EndProject
Project("{FAE04EC0-301F-11D3-BF4B-00C04F79EFBC}") = "Checkout.Application.Service.Tests", "Checkout.Application.Service.Tests\Checkout.Application.Service.Tests.csproj", "{8D3E1546-F53D-4E58-84F3-217833BF0B15}"
EndProject
Project("{FAE04EC0-301F-11D3-BF4B-00C04F79EFBC}") = "Checkout.Business.Service.Tests", "Checkout.Business.Service.Tests\Checkout.Business.Service.Tests.csproj", "{DBB7232A-F180-4A64-96F0-2362BCDEF28B}"
EndProject
Project("{FAE04EC0-301F-11D3-BF4B-00C04F79EFBC}") = "Checkout.Tests.Common", "Checkout.Tests.Common\Checkout.Tests.Common.csproj", "{89BC3888-C6D3-44C2-B0AB-5A94D3B72D41}"
EndProject
Global
	GlobalSection(SolutionConfigurationPlatforms) = preSolution
		Debug|Any CPU = Debug|Any CPU
		Release|Any CPU = Release|Any CPU
	EndGlobalSection
	GlobalSection(ProjectConfigurationPlatforms) = postSolution
		{6BFAE8C6-66B3-4FAC-8D2F-90AE1AB76110}.Debug|Any CPU.ActiveCfg = Debug|Any CPU
		{6BFAE8C6-66B3-4FAC-8D2F-90AE1AB76110}.Debug|Any CPU.Build.0 = Debug|Any CPU
		{6BFAE8C6-66B3-4FAC-8D2F-90AE1AB76110}.Release|Any CPU.ActiveCfg = Release|Any CPU
		{6BFAE8C6-66B3-4FAC-8D2F-90AE1AB76110}.Release|Any CPU.Build.0 = Release|Any CPU
		{9B69FB63-05AC-4DAF-8FCB-97326F1B0B6C}.Debug|Any CPU.ActiveCfg = Debug|Any CPU
		{9B69FB63-05AC-4DAF-8FCB-97326F1B0B6C}.Debug|Any CPU.Build.0 = Debug|Any CPU
		{9B69FB63-05AC-4DAF-8FCB-97326F1B0B6C}.Release|Any CPU.ActiveCfg = Release|Any CPU
		{9B69FB63-05AC-4DAF-8FCB-97326F1B0B6C}.Release|Any CPU.Build.0 = Release|Any CPU
		{E65D45C9-295F-4B1B-B28C-AF3EAF7B34E6}.Debug|Any CPU.ActiveCfg = Debug|Any CPU
		{E65D45C9-295F-4B1B-B28C-AF3EAF7B34E6}.Debug|Any CPU.Build.0 = Debug|Any CPU
		{E65D45C9-295F-4B1B-B28C-AF3EAF7B34E6}.Release|Any CPU.ActiveCfg = Release|Any CPU
		{E65D45C9-295F-4B1B-B28C-AF3EAF7B34E6}.Release|Any CPU.Build.0 = Release|Any CPU
		{4A91C803-ADC8-4BB9-8C53-184A65742B4D}.Debug|Any CPU.ActiveCfg = Debug|Any CPU
		{4A91C803-ADC8-4BB9-8C53-184A65742B4D}.Debug|Any CPU.Build.0 = Debug|Any CPU
		{4A91C803-ADC8-4BB9-8C53-184A65742B4D}.Release|Any CPU.ActiveCfg = Release|Any CPU
		{4A91C803-ADC8-4BB9-8C53-184A65742B4D}.Release|Any CPU.Build.0 = Release|Any CPU
		{D33B4D47-D972-456B-8897-8B7392920346}.Debug|Any CPU.ActiveCfg = Debug|Any CPU
		{D33B4D47-D972-456B-8897-8B7392920346}.Debug|Any CPU.Build.0 = Debug|Any CPU
		{D33B4D47-D972-456B-8897-8B7392920346}.Release|Any CPU.ActiveCfg = Release|Any CPU
		{D33B4D47-D972-456B-8897-8B7392920346}.Release|Any CPU.Build.0 = Release|Any CPU
		{8958AE37-50D9-487E-9DB1-7D4D8CBA1DAE}.Debug|Any CPU.ActiveCfg = Debug|Any CPU
		{8958AE37-50D9-487E-9DB1-7D4D8CBA1DAE}.Debug|Any CPU.Build.0 = Debug|Any CPU
		{8958AE37-50D9-487E-9DB1-7D4D8CBA1DAE}.Release|Any CPU.ActiveCfg = Release|Any CPU
		{8958AE37-50D9-487E-9DB1-7D4D8CBA1DAE}.Release|Any CPU.Build.0 = Release|Any CPU
		{10A79BF7-B2A1-4D8A-937D-33B203A4AAA7}.Debug|Any CPU.ActiveCfg = Debug|Any CPU
		{10A79BF7-B2A1-4D8A-937D-33B203A4AAA7}.Debug|Any CPU.Build.0 = Debug|Any CPU
		{10A79BF7-B2A1-4D8A-937D-33B203A4AAA7}.Release|Any CPU.ActiveCfg = Release|Any CPU
		{10A79BF7-B2A1-4D8A-937D-33B203A4AAA7}.Release|Any CPU.Build.0 = Release|Any CPU
		{792EA6F7-A532-427F-A065-6020761D0770}.Debug|Any CPU.ActiveCfg = Debug|Any CPU
		{792EA6F7-A532-427F-A065-6020761D0770}.Debug|Any CPU.Build.0 = Debug|Any CPU
		{792EA6F7-A532-427F-A065-6020761D0770}.Release|Any CPU.ActiveCfg = Release|Any CPU
		{792EA6F7-A532-427F-A065-6020761D0770}.Release|Any CPU.Build.0 = Release|Any CPU
		{1E1B1AD6-5E1E-4735-9BD8-90B5CD60DE1D}.Debug|Any CPU.ActiveCfg = Debug|Any CPU
		{1E1B1AD6-5E1E-4735-9BD8-90B5CD60DE1D}.Debug|Any CPU.Build.0 = Debug|Any CPU
		{1E1B1AD6-5E1E-4735-9BD8-90B5CD60DE1D}.Release|Any CPU.ActiveCfg = Release|Any CPU
		{1E1B1AD6-5E1E-4735-9BD8-90B5CD60DE1D}.Release|Any CPU.Build.0 = Release|Any CPU
		{8D3E1546-F53D-4E58-84F3-217833BF0B15}.Debug|Any CPU.ActiveCfg = Debug|Any CPU
		{8D3E1546-F53D-4E58-84F3-217833BF0B15}.Debug|Any CPU.Build.0 = Debug|Any CPU
		{8D3E1546-F53D-4E58-84F3-217833BF0B15}.Release|Any CPU.ActiveCfg = Release|Any CPU
		{8D3E1546-F53D-4E58-84F3-217833BF0B15}.Release|Any CPU.Build.0 = Release|Any CPU
		{DBB7232A-F180-4A64-96F0-2362BCDEF28B}.Debug|Any CPU.ActiveCfg = Debug|Any CPU
		{DBB7232A-F180-4A64-96F0-2362BCDEF28B}.Debug|Any CPU.Build.0 = Debug|Any CPU
		{DBB7232A-F180-4A64-96F0-2362BCDEF28B}.Release|Any CPU.ActiveCfg = Release|Any CPU
		{DBB7232A-F180-4A64-96F0-2362BCDEF28B}.Release|Any CPU.Build.0 = Release|Any CPU
		{89BC3888-C6D3-44C2-B0AB-5A94D3B72D41}.Debug|Any CPU.ActiveCfg = Debug|Any CPU
		{89BC3888-C6D3-44C2-B0AB-5A94D3B72D41}.Debug|Any CPU.Build.0 = Debug|Any CPU
		{89BC3888-C6D3-44C2-B0AB-5A94D3B72D41}.Release|Any CPU.ActiveCfg = Release|Any CPU
		{89BC3888-C6D3-44C2-B0AB-5A94D3B72D41}.Release|Any CPU.Build.0 = Release|Any CPU
	EndGlobalSection
	GlobalSection(SolutionProperties) = preSolution
		HideSolutionNode = FALSE
	EndGlobalSection
	GlobalSection(NestedProjects) = preSolution
		{2815DD12-DFCF-4297-9630-AC3F62762A69} = {00BB22AA-6B8B-47F9-AAC7-15377D436934}
		{51A2F148-0127-4BF4-8799-F5EF2A5A6A8C} = {00BB22AA-6B8B-47F9-AAC7-15377D436934}
		{78D198F3-7E03-4618-9379-78EC1E9F44B8} = {00BB22AA-6B8B-47F9-AAC7-15377D436934}
		{2476DB62-F54A-42C4-8E5F-637502260DDA} = {00BB22AA-6B8B-47F9-AAC7-15377D436934}
		{6BFAE8C6-66B3-4FAC-8D2F-90AE1AB76110} = {78D198F3-7E03-4618-9379-78EC1E9F44B8}
		{9B69FB63-05AC-4DAF-8FCB-97326F1B0B6C} = {CFBF4213-2566-4E6C-89C2-B9F1BE0610CF}
		{E65D45C9-295F-4B1B-B28C-AF3EAF7B34E6} = {2815DD12-DFCF-4297-9630-AC3F62762A69}
		{4A91C803-ADC8-4BB9-8C53-184A65742B4D} = {2476DB62-F54A-42C4-8E5F-637502260DDA}
		{D33B4D47-D972-456B-8897-8B7392920346} = {78D198F3-7E03-4618-9379-78EC1E9F44B8}
		{8958AE37-50D9-487E-9DB1-7D4D8CBA1DAE} = {78D198F3-7E03-4618-9379-78EC1E9F44B8}
		{10A79BF7-B2A1-4D8A-937D-33B203A4AAA7} = {2476DB62-F54A-42C4-8E5F-637502260DDA}
		{792EA6F7-A532-427F-A065-6020761D0770} = {51A2F148-0127-4BF4-8799-F5EF2A5A6A8C}
		{1E1B1AD6-5E1E-4735-9BD8-90B5CD60DE1D} = {51A2F148-0127-4BF4-8799-F5EF2A5A6A8C}
		{8D3E1546-F53D-4E58-84F3-217833BF0B15} = {CFBF4213-2566-4E6C-89C2-B9F1BE0610CF}
		{DBB7232A-F180-4A64-96F0-2362BCDEF28B} = {CFBF4213-2566-4E6C-89C2-B9F1BE0610CF}
		{89BC3888-C6D3-44C2-B0AB-5A94D3B72D41} = {CFBF4213-2566-4E6C-89C2-B9F1BE0610CF}
	EndGlobalSection
EndGlobal
